// !$*UTF8*$!
{
	archiveVersion = 1;
	classes = {
	};
	objectVersion = 77;
	objects = {

/* Begin PBXContainerItemProxy section */
		A7C18E0B2C9E2424009389AF /* PBXContainerItemProxy */ = {
			isa = PBXContainerItemProxy;
			containerPortal = A7C18DEF2C9E2422009389AF /* Project object */;
			proxyType = 1;
			remoteGlobalIDString = A7C18DF62C9E2422009389AF;
			remoteInfo = MacBox;
		};
		A7C18E152C9E2424009389AF /* PBXContainerItemProxy */ = {
			isa = PBXContainerItemProxy;
			containerPortal = A7C18DEF2C9E2422009389AF /* Project object */;
			proxyType = 1;
			remoteGlobalIDString = A7C18DF62C9E2422009389AF;
			remoteInfo = MacBox;
		};
/* End PBXContainerItemProxy section */

/* Begin PBXFileReference section */
		A7C18DF72C9E2422009389AF /* MacBox.app */ = {isa = PBXFileReference; explicitFileType = wrapper.application; includeInIndex = 0; path = MacBox.app; sourceTree = BUILT_PRODUCTS_DIR; };
		A7C18E0A2C9E2424009389AF /* MacBoxTests.xctest */ = {isa = PBXFileReference; explicitFileType = wrapper.cfbundle; includeInIndex = 0; path = MacBoxTests.xctest; sourceTree = BUILT_PRODUCTS_DIR; };
		A7C18E142C9E2424009389AF /* MacBoxUITests.xctest */ = {isa = PBXFileReference; explicitFileType = wrapper.cfbundle; includeInIndex = 0; path = MacBoxUITests.xctest; sourceTree = BUILT_PRODUCTS_DIR; };
/* End PBXFileReference section */

/* Begin PBXFileSystemSynchronizedRootGroup section */
		A7C18DF92C9E2422009389AF /* MacBox */ = {
			isa = PBXFileSystemSynchronizedRootGroup;
			path = MacBox;
			sourceTree = "<group>";
		};
		A7C18E0D2C9E2424009389AF /* MacBoxTests */ = {
			isa = PBXFileSystemSynchronizedRootGroup;
			path = MacBoxTests;
			sourceTree = "<group>";
		};
		A7C18E172C9E2424009389AF /* MacBoxUITests */ = {
			isa = PBXFileSystemSynchronizedRootGroup;
			path = MacBoxUITests;
			sourceTree = "<group>";
		};
/* End PBXFileSystemSynchronizedRootGroup section */

/* Begin PBXFrameworksBuildPhase section */
		A7C18DF42C9E2422009389AF /* Frameworks */ = {
			isa = PBXFrameworksBuildPhase;
			buildActionMask = 2147483647;
			files = (
			);
			runOnlyForDeploymentPostprocessing = 0;
		};
		A7C18E072C9E2424009389AF /* Frameworks */ = {
			isa = PBXFrameworksBuildPhase;
			buildActionMask = 2147483647;
			files = (
			);
			runOnlyForDeploymentPostprocessing = 0;
		};
		A7C18E112C9E2424009389AF /* Frameworks */ = {
			isa = PBXFrameworksBuildPhase;
			buildActionMask = 2147483647;
			files = (
			);
			runOnlyForDeploymentPostprocessing = 0;
		};
/* End PBXFrameworksBuildPhase section */

/* Begin PBXGroup section */
		A7C18DEE2C9E2422009389AF = {
			isa = PBXGroup;
			children = (
				A7C18DF92C9E2422009389AF /* MacBox */,
				A7C18E0D2C9E2424009389AF /* MacBoxTests */,
				A7C18E172C9E2424009389AF /* MacBoxUITests */,
				A7C18DF82C9E2422009389AF /* Products */,
			);
			sourceTree = "<group>";
		};
		A7C18DF82C9E2422009389AF /* Products */ = {
			isa = PBXGroup;
			children = (
				A7C18DF72C9E2422009389AF /* MacBox.app */,
				A7C18E0A2C9E2424009389AF /* MacBoxTests.xctest */,
				A7C18E142C9E2424009389AF /* MacBoxUITests.xctest */,
			);
			name = Products;
			sourceTree = "<group>";
		};
/* End PBXGroup section */

/* Begin PBXNativeTarget section */
		A7C18DF62C9E2422009389AF /* MacBox */ = {
			isa = PBXNativeTarget;
			buildConfigurationList = A7C18E1E2C9E2424009389AF /* Build configuration list for PBXNativeTarget "MacBox" */;
			buildPhases = (
				A7C18DF32C9E2422009389AF /* Sources */,
				A7C18DF42C9E2422009389AF /* Frameworks */,
				A7C18DF52C9E2422009389AF /* Resources */,
			);
			buildRules = (
			);
			dependencies = (
			);
			fileSystemSynchronizedGroups = (
				A7C18DF92C9E2422009389AF /* MacBox */,
			);
			name = MacBox;
			packageProductDependencies = (
			);
			productName = MacBox;
			productReference = A7C18DF72C9E2422009389AF /* MacBox.app */;
			productType = "com.apple.product-type.application";
		};
		A7C18E092C9E2424009389AF /* MacBoxTests */ = {
			isa = PBXNativeTarget;
			buildConfigurationList = A7C18E212C9E2424009389AF /* Build configuration list for PBXNativeTarget "MacBoxTests" */;
			buildPhases = (
				A7C18E062C9E2424009389AF /* Sources */,
				A7C18E072C9E2424009389AF /* Frameworks */,
				A7C18E082C9E2424009389AF /* Resources */,
			);
			buildRules = (
			);
			dependencies = (
				A7C18E0C2C9E2424009389AF /* PBXTargetDependency */,
			);
			fileSystemSynchronizedGroups = (
				A7C18E0D2C9E2424009389AF /* MacBoxTests */,
			);
			name = MacBoxTests;
			packageProductDependencies = (
			);
			productName = MacBoxTests;
			productReference = A7C18E0A2C9E2424009389AF /* MacBoxTests.xctest */;
			productType = "com.apple.product-type.bundle.unit-test";
		};
		A7C18E132C9E2424009389AF /* MacBoxUITests */ = {
			isa = PBXNativeTarget;
			buildConfigurationList = A7C18E242C9E2424009389AF /* Build configuration list for PBXNativeTarget "MacBoxUITests" */;
			buildPhases = (
				A7C18E102C9E2424009389AF /* Sources */,
				A7C18E112C9E2424009389AF /* Frameworks */,
				A7C18E122C9E2424009389AF /* Resources */,
			);
			buildRules = (
			);
			dependencies = (
				A7C18E162C9E2424009389AF /* PBXTargetDependency */,
			);
			fileSystemSynchronizedGroups = (
				A7C18E172C9E2424009389AF /* MacBoxUITests */,
			);
			name = MacBoxUITests;
			packageProductDependencies = (
			);
			productName = MacBoxUITests;
			productReference = A7C18E142C9E2424009389AF /* MacBoxUITests.xctest */;
			productType = "com.apple.product-type.bundle.ui-testing";
		};
/* End PBXNativeTarget section */

/* Begin PBXProject section */
		A7C18DEF2C9E2422009389AF /* Project object */ = {
			isa = PBXProject;
			attributes = {
				BuildIndependentTargetsInParallel = 1;
				LastSwiftUpdateCheck = 1600;
				LastUpgradeCheck = 1600;
				TargetAttributes = {
					A7C18DF62C9E2422009389AF = {
						CreatedOnToolsVersion = 16.0;
					};
					A7C18E092C9E2424009389AF = {
						CreatedOnToolsVersion = 16.0;
						TestTargetID = A7C18DF62C9E2422009389AF;
					};
					A7C18E132C9E2424009389AF = {
						CreatedOnToolsVersion = 16.0;
						TestTargetID = A7C18DF62C9E2422009389AF;
					};
				};
			};
			buildConfigurationList = A7C18DF22C9E2422009389AF /* Build configuration list for PBXProject "MacBox" */;
			developmentRegion = en;
			hasScannedForEncodings = 0;
			knownRegions = (
				en,
				Base,
			);
			mainGroup = A7C18DEE2C9E2422009389AF;
			minimizedProjectReferenceProxies = 1;
			preferredProjectObjectVersion = 77;
			productRefGroup = A7C18DF82C9E2422009389AF /* Products */;
			projectDirPath = "";
			projectRoot = "";
			targets = (
				A7C18DF62C9E2422009389AF /* MacBox */,
				A7C18E092C9E2424009389AF /* MacBoxTests */,
				A7C18E132C9E2424009389AF /* MacBoxUITests */,
			);
		};
/* End PBXProject section */

/* Begin PBXResourcesBuildPhase section */
		A7C18DF52C9E2422009389AF /* Resources */ = {
			isa = PBXResourcesBuildPhase;
			buildActionMask = 2147483647;
			files = (
			);
			runOnlyForDeploymentPostprocessing = 0;
		};
		A7C18E082C9E2424009389AF /* Resources */ = {
			isa = PBXResourcesBuildPhase;
			buildActionMask = 2147483647;
			files = (
			);
			runOnlyForDeploymentPostprocessing = 0;
		};
		A7C18E122C9E2424009389AF /* Resources */ = {
			isa = PBXResourcesBuildPhase;
			buildActionMask = 2147483647;
			files = (
			);
			runOnlyForDeploymentPostprocessing = 0;
		};
/* End PBXResourcesBuildPhase section */

/* Begin PBXSourcesBuildPhase section */
		A7C18DF32C9E2422009389AF /* Sources */ = {
			isa = PBXSourcesBuildPhase;
			buildActionMask = 2147483647;
			files = (
			);
			runOnlyForDeploymentPostprocessing = 0;
		};
		A7C18E062C9E2424009389AF /* Sources */ = {
			isa = PBXSourcesBuildPhase;
			buildActionMask = 2147483647;
			files = (
			);
			runOnlyForDeploymentPostprocessing = 0;
		};
		A7C18E102C9E2424009389AF /* Sources */ = {
			isa = PBXSourcesBuildPhase;
			buildActionMask = 2147483647;
			files = (
			);
			runOnlyForDeploymentPostprocessing = 0;
		};
/* End PBXSourcesBuildPhase section */

/* Begin PBXTargetDependency section */
		A7C18E0C2C9E2424009389AF /* PBXTargetDependency */ = {
			isa = PBXTargetDependency;
			target = A7C18DF62C9E2422009389AF /* MacBox */;
			targetProxy = A7C18E0B2C9E2424009389AF /* PBXContainerItemProxy */;
		};
		A7C18E162C9E2424009389AF /* PBXTargetDependency */ = {
			isa = PBXTargetDependency;
			target = A7C18DF62C9E2422009389AF /* MacBox */;
			targetProxy = A7C18E152C9E2424009389AF /* PBXContainerItemProxy */;
		};
/* End PBXTargetDependency section */

/* Begin XCBuildConfiguration section */
		A7C18E1C2C9E2424009389AF /* Debug */ = {
			isa = XCBuildConfiguration;
			buildSettings = {
				ALWAYS_SEARCH_USER_PATHS = NO;
				ASSETCATALOG_COMPILER_GENERATE_SWIFT_ASSET_SYMBOL_EXTENSIONS = YES;
				CLANG_ANALYZER_NONNULL = YES;
				CLANG_ANALYZER_NUMBER_OBJECT_CONVERSION = YES_AGGRESSIVE;
				CLANG_CXX_LANGUAGE_STANDARD = "gnu++20";
				CLANG_ENABLE_MODULES = YES;
				CLANG_ENABLE_OBJC_ARC = YES;
				CLANG_ENABLE_OBJC_WEAK = YES;
				CLANG_WARN_BLOCK_CAPTURE_AUTORELEASING = YES;
				CLANG_WARN_BOOL_CONVERSION = YES;
				CLANG_WARN_COMMA = YES;
				CLANG_WARN_CONSTANT_CONVERSION = YES;
				CLANG_WARN_DEPRECATED_OBJC_IMPLEMENTATIONS = YES;
				CLANG_WARN_DIRECT_OBJC_ISA_USAGE = YES_ERROR;
				CLANG_WARN_DOCUMENTATION_COMMENTS = YES;
				CLANG_WARN_EMPTY_BODY = YES;
				CLANG_WARN_ENUM_CONVERSION = YES;
				CLANG_WARN_INFINITE_RECURSION = YES;
				CLANG_WARN_INT_CONVERSION = YES;
				CLANG_WARN_NON_LITERAL_NULL_CONVERSION = YES;
				CLANG_WARN_OBJC_IMPLICIT_RETAIN_SELF = YES;
				CLANG_WARN_OBJC_LITERAL_CONVERSION = YES;
				CLANG_WARN_OBJC_ROOT_CLASS = YES_ERROR;
				CLANG_WARN_QUOTED_INCLUDE_IN_FRAMEWORK_HEADER = YES;
				CLANG_WARN_RANGE_LOOP_ANALYSIS = YES;
				CLANG_WARN_STRICT_PROTOTYPES = YES;
				CLANG_WARN_SUSPICIOUS_MOVE = YES;
				CLANG_WARN_UNGUARDED_AVAILABILITY = YES_AGGRESSIVE;
				CLANG_WARN_UNREACHABLE_CODE = YES;
				CLANG_WARN__DUPLICATE_METHOD_MATCH = YES;
				COPY_PHASE_STRIP = NO;
				DEBUG_INFORMATION_FORMAT = dwarf;
				ENABLE_STRICT_OBJC_MSGSEND = YES;
				ENABLE_TESTABILITY = YES;
				ENABLE_USER_SCRIPT_SANDBOXING = YES;
				GCC_C_LANGUAGE_STANDARD = gnu17;
				GCC_DYNAMIC_NO_PIC = NO;
				GCC_NO_COMMON_BLOCKS = YES;
				GCC_OPTIMIZATION_LEVEL = 0;
				GCC_PREPROCESSOR_DEFINITIONS = (
					"DEBUG=1",
					"$(inherited)",
				);
				GCC_WARN_64_TO_32_BIT_CONVERSION = YES;
				GCC_WARN_ABOUT_RETURN_TYPE = YES_ERROR;
				GCC_WARN_UNDECLARED_SELECTOR = YES;
				GCC_WARN_UNINITIALIZED_AUTOS = YES_AGGRESSIVE;
				GCC_WARN_UNUSED_FUNCTION = YES;
				GCC_WARN_UNUSED_VARIABLE = YES;
				LOCALIZATION_PREFERS_STRING_CATALOGS = YES;
				MACOSX_DEPLOYMENT_TARGET = 15.0;
				MTL_ENABLE_DEBUG_INFO = INCLUDE_SOURCE;
				MTL_FAST_MATH = YES;
				ONLY_ACTIVE_ARCH = YES;
				SDKROOT = macosx;
				SWIFT_ACTIVE_COMPILATION_CONDITIONS = "DEBUG $(inherited)";
				SWIFT_OPTIMIZATION_LEVEL = "-Onone";
			};
			name = Debug;
		};
		A7C18E1D2C9E2424009389AF /* Release */ = {
			isa = XCBuildConfiguration;
			buildSettings = {
				ALWAYS_SEARCH_USER_PATHS = NO;
				ASSETCATALOG_COMPILER_GENERATE_SWIFT_ASSET_SYMBOL_EXTENSIONS = YES;
				CLANG_ANALYZER_NONNULL = YES;
				CLANG_ANALYZER_NUMBER_OBJECT_CONVERSION = YES_AGGRESSIVE;
				CLANG_CXX_LANGUAGE_STANDARD = "gnu++20";
				CLANG_ENABLE_MODULES = YES;
				CLANG_ENABLE_OBJC_ARC = YES;
				CLANG_ENABLE_OBJC_WEAK = YES;
				CLANG_WARN_BLOCK_CAPTURE_AUTORELEASING = YES;
				CLANG_WARN_BOOL_CONVERSION = YES;
				CLANG_WARN_COMMA = YES;
				CLANG_WARN_CONSTANT_CONVERSION = YES;
				CLANG_WARN_DEPRECATED_OBJC_IMPLEMENTATIONS = YES;
				CLANG_WARN_DIRECT_OBJC_ISA_USAGE = YES_ERROR;
				CLANG_WARN_DOCUMENTATION_COMMENTS = YES;
				CLANG_WARN_EMPTY_BODY = YES;
				CLANG_WARN_ENUM_CONVERSION = YES;
				CLANG_WARN_INFINITE_RECURSION = YES;
				CLANG_WARN_INT_CONVERSION = YES;
				CLANG_WARN_NON_LITERAL_NULL_CONVERSION = YES;
				CLANG_WARN_OBJC_IMPLICIT_RETAIN_SELF = YES;
				CLANG_WARN_OBJC_LITERAL_CONVERSION = YES;
				CLANG_WARN_OBJC_ROOT_CLASS = YES_ERROR;
				CLANG_WARN_QUOTED_INCLUDE_IN_FRAMEWORK_HEADER = YES;
				CLANG_WARN_RANGE_LOOP_ANALYSIS = YES;
				CLANG_WARN_STRICT_PROTOTYPES = YES;
				CLANG_WARN_SUSPICIOUS_MOVE = YES;
				CLANG_WARN_UNGUARDED_AVAILABILITY = YES_AGGRESSIVE;
				CLANG_WARN_UNREACHABLE_CODE = YES;
				CLANG_WARN__DUPLICATE_METHOD_MATCH = YES;
				COPY_PHASE_STRIP = NO;
				DEBUG_INFORMATION_FORMAT = "dwarf-with-dsym";
				ENABLE_NS_ASSERTIONS = NO;
				ENABLE_STRICT_OBJC_MSGSEND = YES;
				ENABLE_USER_SCRIPT_SANDBOXING = YES;
				GCC_C_LANGUAGE_STANDARD = gnu17;
				GCC_NO_COMMON_BLOCKS = YES;
				GCC_WARN_64_TO_32_BIT_CONVERSION = YES;
				GCC_WARN_ABOUT_RETURN_TYPE = YES_ERROR;
				GCC_WARN_UNDECLARED_SELECTOR = YES;
				GCC_WARN_UNINITIALIZED_AUTOS = YES_AGGRESSIVE;
				GCC_WARN_UNUSED_FUNCTION = YES;
				GCC_WARN_UNUSED_VARIABLE = YES;
				LOCALIZATION_PREFERS_STRING_CATALOGS = YES;
				MACOSX_DEPLOYMENT_TARGET = 15.0;
				MTL_ENABLE_DEBUG_INFO = NO;
				MTL_FAST_MATH = YES;
				SDKROOT = macosx;
				SWIFT_COMPILATION_MODE = wholemodule;
			};
			name = Release;
		};
		A7C18E1F2C9E2424009389AF /* Debug */ = {
			isa = XCBuildConfiguration;
			buildSettings = {
				ASSETCATALOG_COMPILER_APPICON_NAME = AppIcon;
				ASSETCATALOG_COMPILER_GLOBAL_ACCENT_COLOR_NAME = AccentColor;
				CODE_SIGN_ENTITLEMENTS = MacBox/MacBox.entitlements;
				CODE_SIGN_STYLE = Automatic;
				COMBINE_HIDPI_IMAGES = YES;
				CURRENT_PROJECT_VERSION = 1;
				DEVELOPMENT_ASSET_PATHS = "\"MacBox/Preview Content\"";
				DEVELOPMENT_TEAM = XA3ACNSDYA;
				ENABLE_HARDENED_RUNTIME = YES;
				ENABLE_PREVIEWS = YES;
				GENERATE_INFOPLIST_FILE = YES;
				INFOPLIST_KEY_NSHumanReadableCopyright = "";
				LD_RUNPATH_SEARCH_PATHS = (
					"$(inherited)",
					"@executable_path/../Frameworks",
				);
				MACOSX_DEPLOYMENT_TARGET = 14.0;
				MARKETING_VERSION = 1.0;
				PRODUCT_BUNDLE_IDENTIFIER = pietrobon.MacBox;
				PRODUCT_NAME = "$(TARGET_NAME)";
				SWIFT_EMIT_LOC_STRINGS = YES;
				SWIFT_VERSION = 5.0;
			};
			name = Debug;
		};
		A7C18E202C9E2424009389AF /* Release */ = {
			isa = XCBuildConfiguration;
			buildSettings = {
				ASSETCATALOG_COMPILER_APPICON_NAME = AppIcon;
				ASSETCATALOG_COMPILER_GLOBAL_ACCENT_COLOR_NAME = AccentColor;
				CODE_SIGN_ENTITLEMENTS = MacBox/MacBox.entitlements;
				CODE_SIGN_STYLE = Automatic;
				COMBINE_HIDPI_IMAGES = YES;
				CURRENT_PROJECT_VERSION = 1;
				DEVELOPMENT_ASSET_PATHS = "\"MacBox/Preview Content\"";
				DEVELOPMENT_TEAM = XA3ACNSDYA;
				ENABLE_HARDENED_RUNTIME = YES;
				ENABLE_PREVIEWS = YES;
				GENERATE_INFOPLIST_FILE = YES;
				INFOPLIST_KEY_NSHumanReadableCopyright = "";
				LD_RUNPATH_SEARCH_PATHS = (
					"$(inherited)",
					"@executable_path/../Frameworks",
				);
				MACOSX_DEPLOYMENT_TARGET = 14.0;
				MARKETING_VERSION = 1.0;
				PRODUCT_BUNDLE_IDENTIFIER = pietrobon.MacBox;
				PRODUCT_NAME = "$(TARGET_NAME)";
				SWIFT_EMIT_LOC_STRINGS = YES;
				SWIFT_VERSION = 5.0;
			};
			name = Release;
		};
		A7C18E222C9E2424009389AF /* Debug */ = {
			isa = XCBuildConfiguration;
			buildSettings = {
				BUNDLE_LOADER = "$(TEST_HOST)";
				CODE_SIGN_STYLE = Automatic;
				CURRENT_PROJECT_VERSION = 1;
				DEVELOPMENT_TEAM = XA3ACNSDYA;
				GENERATE_INFOPLIST_FILE = YES;
				MACOSX_DEPLOYMENT_TARGET = 14.0;
				MARKETING_VERSION = 1.0;
				PRODUCT_BUNDLE_IDENTIFIER = pietrobon.MacBoxTests;
				PRODUCT_NAME = "$(TARGET_NAME)";
				SWIFT_EMIT_LOC_STRINGS = NO;
				SWIFT_VERSION = 5.0;
				TEST_HOST = "$(BUILT_PRODUCTS_DIR)/MacBox.app/$(BUNDLE_EXECUTABLE_FOLDER_PATH)/MacBox";
			};
			name = Debug;
		};
		A7C18E232C9E2424009389AF /* Release */ = {
			isa = XCBuildConfiguration;
			buildSettings = {
				BUNDLE_LOADER = "$(TEST_HOST)";
				CODE_SIGN_STYLE = Automatic;
				CURRENT_PROJECT_VERSION = 1;
				DEVELOPMENT_TEAM = XA3ACNSDYA;
				GENERATE_INFOPLIST_FILE = YES;
				MACOSX_DEPLOYMENT_TARGET = 14.0;
				MARKETING_VERSION = 1.0;
				PRODUCT_BUNDLE_IDENTIFIER = pietrobon.MacBoxTests;
				PRODUCT_NAME = "$(TARGET_NAME)";
				SWIFT_EMIT_LOC_STRINGS = NO;
				SWIFT_VERSION = 5.0;
				TEST_HOST = "$(BUILT_PRODUCTS_DIR)/MacBox.app/$(BUNDLE_EXECUTABLE_FOLDER_PATH)/MacBox";
			};
			name = Release;
		};
		A7C18E252C9E2424009389AF /* Debug */ = {
			isa = XCBuildConfiguration;
			buildSettings = {
				CODE_SIGN_STYLE = Automatic;
				CURRENT_PROJECT_VERSION = 1;
				DEVELOPMENT_TEAM = XA3ACNSDYA;
				GENERATE_INFOPLIST_FILE = YES;
				MARKETING_VERSION = 1.0;
				PRODUCT_BUNDLE_IDENTIFIER = pietrobon.MacBoxUITests;
				PRODUCT_NAME = "$(TARGET_NAME)";
				SWIFT_EMIT_LOC_STRINGS = NO;
				SWIFT_VERSION = 5.0;
				TEST_TARGET_NAME = MacBox;
			};
			name = Debug;
		};
		A7C18E262C9E2424009389AF /* Release */ = {
			isa = XCBuildConfiguration;
			buildSettings = {
				CODE_SIGN_STYLE = Automatic;
				CURRENT_PROJECT_VERSION = 1;
				DEVELOPMENT_TEAM = XA3ACNSDYA;
				GENERATE_INFOPLIST_FILE = YES;
				MARKETING_VERSION = 1.0;
				PRODUCT_BUNDLE_IDENTIFIER = pietrobon.MacBoxUITests;
				PRODUCT_NAME = "$(TARGET_NAME)";
				SWIFT_EMIT_LOC_STRINGS = NO;
				SWIFT_VERSION = 5.0;
				TEST_TARGET_NAME = MacBox;
			};
			name = Release;
		};
/* End XCBuildConfiguration section */

/* Begin XCConfigurationList section */
		A7C18DF22C9E2422009389AF /* Build configuration list for PBXProject "MacBox" */ = {
			isa = XCConfigurationList;
			buildConfigurations = (
				A7C18E1C2C9E2424009389AF /* Debug */,
				A7C18E1D2C9E2424009389AF /* Release */,
			);
			defaultConfigurationIsVisible = 0;
			defaultConfigurationName = Release;
		};
		A7C18E1E2C9E2424009389AF /* Build configuration list for PBXNativeTarget "MacBox" */ = {
			isa = XCConfigurationList;
			buildConfigurations = (
				A7C18E1F2C9E2424009389AF /* Debug */,
				A7C18E202C9E2424009389AF /* Release */,
			);
			defaultConfigurationIsVisible = 0;
			defaultConfigurationName = Release;
		};
		A7C18E212C9E2424009389AF /* Build configuration list for PBXNativeTarget "MacBoxTests" */ = {
			isa = XCConfigurationList;
			buildConfigurations = (
				A7C18E222C9E2424009389AF /* Debug */,
				A7C18E232C9E2424009389AF /* Release */,
			);
			defaultConfigurationIsVisible = 0;
			defaultConfigurationName = Release;
		};
		A7C18E242C9E2424009389AF /* Build configuration list for PBXNativeTarget "MacBoxUITests" */ = {
			isa = XCConfigurationList;
			buildConfigurations = (
				A7C18E252C9E2424009389AF /* Debug */,
				A7C18E262C9E2424009389AF /* Release */,
			);
			defaultConfigurationIsVisible = 0;
			defaultConfigurationName = Release;
		};
/* End XCConfigurationList section */
	};
	rootObject = A7C18DEF2C9E2422009389AF /* Project object */;
}
